
Microsoft Visual Studio Solution File, Format Version 12.00
# Visual Studio Version 17
VisualStudioVersion = 17.0.32112.339
MinimumVisualStudioVersion = 10.0.40219.1
Project("{2150E333-8FDC-42A3-9474-1A3956D46DE8}") = "src", "src", "{3FD419DB-FDAE-4C0A-88FE-F270BE809FF8}"
EndProject
Project("{2150E333-8FDC-42A3-9474-1A3956D46DE8}") = "domain", "domain", "{7BE9DDBC-EF14-47AB-994A-126DBC6AC5AD}"
EndProject
Project("{2150E333-8FDC-42A3-9474-1A3956D46DE8}") = "application", "application", "{9F8B6709-EC71-4802-AB7F-2D23D5994CF5}"
EndProject
Project("{2150E333-8FDC-42A3-9474-1A3956D46DE8}") = "infrastructure", "infrastructure", "{0CE9287C-8BBA-45EE-9E4A-CF41BDF2260C}"
EndProject
Project("{2150E333-8FDC-42A3-9474-1A3956D46DE8}") = "persistence", "persistence", "{F3972E98-D174-43CD-B0DB-2D397F7D216F}"
EndProject
Project("{2150E333-8FDC-42A3-9474-1A3956D46DE8}") = "presentation", "presentation", "{30B17710-8826-4101-99CB-90C083BB419D}"
EndProject
Project("{9A19103F-16F7-4668-BE54-9A1E7A4F7556}") = "AgileManagement.Application", "AgileManagement.Application\AgileManagement.Application.csproj", "{E685AA6E-1D65-419A-93E5-1C234BB132B0}"
EndProject
Project("{9A19103F-16F7-4668-BE54-9A1E7A4F7556}") = "Agile.Management.Domain", "Agile.Management.Domain\Agile.Management.Domain.csproj", "{5395F989-A567-4508-9541-F244B704EAB6}"
EndProject
Project("{9A19103F-16F7-4668-BE54-9A1E7A4F7556}") = "Agile.Management.infrastructure", "Agile.Management.infrastructure\Agile.Management.infrastructure.csproj", "{7239FC8D-36E7-4F21-9508-C39E0AED112C}"
EndProject
Project("{2150E333-8FDC-42A3-9474-1A3956D46DE8}") = "WebApi", "WebApi", "{84F9F457-F817-4CC3-9403-F73BD980960D}"
EndProject
Project("{9A19103F-16F7-4668-BE54-9A1E7A4F7556}") = "Agile.Management.Api", "Agile.Management.Api\Agile.Management.Api.csproj", "{ACCCC825-F75B-4BD2-8E3E-E9B0333D3175}"
EndProject
Project("{2150E333-8FDC-42A3-9474-1A3956D46DE8}") = "EFCore", "EFCore", "{CF9B0B64-D11C-4414-9CCB-E6911050BC62}"
EndProject
Project("{2150E333-8FDC-42A3-9474-1A3956D46DE8}") = "core", "core", "{93802BA4-68BF-4D91-AA1F-46CD2DF5675C}"
EndProject
Project("{9A19103F-16F7-4668-BE54-9A1E7A4F7556}") = "AgileManagement.Core", "Agile.Management.Core\AgileManagement.Core.csproj", "{FF9FE8FF-E839-4540-9186-4FAFCD79667C}"
EndProject
Project("{2150E333-8FDC-42A3-9474-1A3956D46DE8}") = "EntityFrameworkCore", "EntityFrameworkCore", "{B4CD66C7-F011-4785-895B-D3790BF69151}"
EndProject
Project("{9A19103F-16F7-4668-BE54-9A1E7A4F7556}") = "AgileManagement.Persistence.EF", "AgileManagement.Persistence.EF\AgileManagement.Persistence.EF.csproj", "{58AD1D22-0DDC-449C-BFFD-0F922C94F166}"
EndProject
Global
	GlobalSection(SolutionConfigurationPlatforms) = preSolution
		Debug|Any CPU = Debug|Any CPU
		Release|Any CPU = Release|Any CPU
	EndGlobalSection
	GlobalSection(ProjectConfigurationPlatforms) = postSolution
		{E685AA6E-1D65-419A-93E5-1C234BB132B0}.Debug|Any CPU.ActiveCfg = Debug|Any CPU
		{E685AA6E-1D65-419A-93E5-1C234BB132B0}.Debug|Any CPU.Build.0 = Debug|Any CPU
		{E685AA6E-1D65-419A-93E5-1C234BB132B0}.Release|Any CPU.ActiveCfg = Release|Any CPU
		{E685AA6E-1D65-419A-93E5-1C234BB132B0}.Release|Any CPU.Build.0 = Release|Any CPU
		{5395F989-A567-4508-9541-F244B704EAB6}.Debug|Any CPU.ActiveCfg = Debug|Any CPU
		{5395F989-A567-4508-9541-F244B704EAB6}.Debug|Any CPU.Build.0 = Debug|Any CPU
		{5395F989-A567-4508-9541-F244B704EAB6}.Release|Any CPU.ActiveCfg = Release|Any CPU
		{5395F989-A567-4508-9541-F244B704EAB6}.Release|Any CPU.Build.0 = Release|Any CPU
		{7239FC8D-36E7-4F21-9508-C39E0AED112C}.Debug|Any CPU.ActiveCfg = Debug|Any CPU
		{7239FC8D-36E7-4F21-9508-C39E0AED112C}.Debug|Any CPU.Build.0 = Debug|Any CPU
		{7239FC8D-36E7-4F21-9508-C39E0AED112C}.Release|Any CPU.ActiveCfg = Release|Any CPU
		{7239FC8D-36E7-4F21-9508-C39E0AED112C}.Release|Any CPU.Build.0 = Release|Any CPU
		{ACCCC825-F75B-4BD2-8E3E-E9B0333D3175}.Debug|Any CPU.ActiveCfg = Debug|Any CPU
		{ACCCC825-F75B-4BD2-8E3E-E9B0333D3175}.Debug|Any CPU.Build.0 = Debug|Any CPU
		{ACCCC825-F75B-4BD2-8E3E-E9B0333D3175}.Release|Any CPU.ActiveCfg = Release|Any CPU
		{ACCCC825-F75B-4BD2-8E3E-E9B0333D3175}.Release|Any CPU.Build.0 = Release|Any CPU
		{FF9FE8FF-E839-4540-9186-4FAFCD79667C}.Debug|Any CPU.ActiveCfg = Debug|Any CPU
		{FF9FE8FF-E839-4540-9186-4FAFCD79667C}.Debug|Any CPU.Build.0 = Debug|Any CPU
		{FF9FE8FF-E839-4540-9186-4FAFCD79667C}.Release|Any CPU.ActiveCfg = Release|Any CPU
		{FF9FE8FF-E839-4540-9186-4FAFCD79667C}.Release|Any CPU.Build.0 = Release|Any CPU
		{58AD1D22-0DDC-449C-BFFD-0F922C94F166}.Debug|Any CPU.ActiveCfg = Debug|Any CPU
		{58AD1D22-0DDC-449C-BFFD-0F922C94F166}.Debug|Any CPU.Build.0 = Debug|Any CPU
		{58AD1D22-0DDC-449C-BFFD-0F922C94F166}.Release|Any CPU.ActiveCfg = Release|Any CPU
		{58AD1D22-0DDC-449C-BFFD-0F922C94F166}.Release|Any CPU.Build.0 = Release|Any CPU
	EndGlobalSection
	GlobalSection(SolutionProperties) = preSolution
		HideSolutionNode = FALSE
	EndGlobalSection
	GlobalSection(NestedProjects) = preSolution
		{7BE9DDBC-EF14-47AB-994A-126DBC6AC5AD} = {3FD419DB-FDAE-4C0A-88FE-F270BE809FF8}
		{9F8B6709-EC71-4802-AB7F-2D23D5994CF5} = {3FD419DB-FDAE-4C0A-88FE-F270BE809FF8}
		{0CE9287C-8BBA-45EE-9E4A-CF41BDF2260C} = {3FD419DB-FDAE-4C0A-88FE-F270BE809FF8}
		{F3972E98-D174-43CD-B0DB-2D397F7D216F} = {3FD419DB-FDAE-4C0A-88FE-F270BE809FF8}
		{30B17710-8826-4101-99CB-90C083BB419D} = {3FD419DB-FDAE-4C0A-88FE-F270BE809FF8}
		{E685AA6E-1D65-419A-93E5-1C234BB132B0} = {9F8B6709-EC71-4802-AB7F-2D23D5994CF5}
		{5395F989-A567-4508-9541-F244B704EAB6} = {7BE9DDBC-EF14-47AB-994A-126DBC6AC5AD}
		{7239FC8D-36E7-4F21-9508-C39E0AED112C} = {0CE9287C-8BBA-45EE-9E4A-CF41BDF2260C}
		{84F9F457-F817-4CC3-9403-F73BD980960D} = {30B17710-8826-4101-99CB-90C083BB419D}
		{ACCCC825-F75B-4BD2-8E3E-E9B0333D3175} = {84F9F457-F817-4CC3-9403-F73BD980960D}
		{CF9B0B64-D11C-4414-9CCB-E6911050BC62} = {F3972E98-D174-43CD-B0DB-2D397F7D216F}
		{93802BA4-68BF-4D91-AA1F-46CD2DF5675C} = {3FD419DB-FDAE-4C0A-88FE-F270BE809FF8}
		{FF9FE8FF-E839-4540-9186-4FAFCD79667C} = {93802BA4-68BF-4D91-AA1F-46CD2DF5675C}
		{B4CD66C7-F011-4785-895B-D3790BF69151} = {F3972E98-D174-43CD-B0DB-2D397F7D216F}
		{58AD1D22-0DDC-449C-BFFD-0F922C94F166} = {B4CD66C7-F011-4785-895B-D3790BF69151}
	EndGlobalSection
	GlobalSection(ExtensibilityGlobals) = postSolution
		SolutionGuid = {C3381F8F-9942-4D3D-91E6-F7A7991223EF}
	EndGlobalSection
EndGlobal
